
Microsoft Visual Studio Solution File, Format Version 12.00
# Visual Studio 2012
Project("{8BC9CEB8-8B4A-11D0-8D11-00A0C91BC942}") = "GL_HW5_4101056017", "GL_HW5_4101056017\GL_HW5_4101056017.vcxproj", "{A460FAAD-9848-4FD7-8204-34026F4FC591}"
EndProject
Global
	GlobalSection(SolutionConfigurationPlatforms) = preSolution
		Debug|Win32 = Debug|Win32
		Release|Win32 = Release|Win32
	EndGlobalSection
	GlobalSection(ProjectConfigurationPlatforms) = postSolution
		{A460FAAD-9848-4FD7-8204-34026F4FC591}.Debug|Win32.ActiveCfg = Debug|Win32
		{A460FAAD-9848-4FD7-8204-34026F4FC591}.Debug|Win32.Build.0 = Debug|Win32
		{A460FAAD-9848-4FD7-8204-34026F4FC591}.Release|Win32.ActiveCfg = Release|Win32
		{A460FAAD-9848-4FD7-8204-34026F4FC591}.Release|Win32.Build.0 = Release|Win32
	EndGlobalSection
	GlobalSection(SolutionProperties) = preSolution
		HideSolutionNode = FALSE
	EndGlobalSection
EndGlobal
